// !$*UTF8*$!
{
	archiveVersion = 1;
	classes = {
	};
	objectVersion = 50;
	objects = {

/* Begin PBXBuildFile section */
		0F2E5BC0267CA8C2000B01F1 /* GameScene.sks in Resources */ = {isa = PBXBuildFile; fileRef = 0F2E5BBF267CA8C2000B01F1 /* GameScene.sks */; };
		5F6B3B2E267E4DFA00EB5E23 /* UIViewExtension.swift in Sources */ = {isa = PBXBuildFile; fileRef = 5F6B3AFC267E4DFA00EB5E23 /* UIViewExtension.swift */; };
		5F6B3B2F267E4DFA00EB5E23 /* UINib+Loader.swift in Sources */ = {isa = PBXBuildFile; fileRef = 5F6B3AFD267E4DFA00EB5E23 /* UINib+Loader.swift */; };
		5F6B3B30267E4DFA00EB5E23 /* GamePausedPopupView.swift in Sources */ = {isa = PBXBuildFile; fileRef = 5F6B3B02267E4DFA00EB5E23 /* GamePausedPopupView.swift */; };
		5F6B3B31267E4DFA00EB5E23 /* ChooseBaseKeyPopup.storyboard in Resources */ = {isa = PBXBuildFile; fileRef = 5F6B3B03267E4DFA00EB5E23 /* ChooseBaseKeyPopup.storyboard */; };
		5F6B3B32267E4DFA00EB5E23 /* GamePausedPopupView.xib in Resources */ = {isa = PBXBuildFile; fileRef = 5F6B3B04267E4DFA00EB5E23 /* GamePausedPopupView.xib */; };
		5F6B3B33267E4DFA00EB5E23 /* PopupViewController.swift in Sources */ = {isa = PBXBuildFile; fileRef = 5F6B3B05267E4DFA00EB5E23 /* PopupViewController.swift */; };
		5F6B3B34267E4DFA00EB5E23 /* ChooseBaseKeyPopupViewController.swift in Sources */ = {isa = PBXBuildFile; fileRef = 5F6B3B06267E4DFA00EB5E23 /* ChooseBaseKeyPopupViewController.swift */; };
		5F6B3B35267E4DFA00EB5E23 /* ChordFitColors.swift in Sources */ = {isa = PBXBuildFile; fileRef = 5F6B3B08267E4DFA00EB5E23 /* ChordFitColors.swift */; };
		5F6B3B36267E4DFA00EB5E23 /* SongRepository.swift in Sources */ = {isa = PBXBuildFile; fileRef = 5F6B3B0B267E4DFA00EB5E23 /* SongRepository.swift */; };
		5F6B3B37267E4DFA00EB5E23 /* SongStaticDataStore.swift in Sources */ = {isa = PBXBuildFile; fileRef = 5F6B3B0E267E4DFA00EB5E23 /* SongStaticDataStore.swift */; };
		5F6B3B38267E4DFA00EB5E23 /* SongSelection+TutorialViewController+SongSelectionTableViewDataSource+SongSelectionTableViewDelegate.swift in Sources */ = {isa = PBXBuildFile; fileRef = 5F6B3B12267E4DFA00EB5E23 /* SongSelection+TutorialViewController+SongSelectionTableViewDataSource+SongSelectionTableViewDelegate.swift */; };
		5F6B3B39267E4DFA00EB5E23 /* SongSelection+TutorialViewController+SongSelectionTableViewCellDelegate.swift in Sources */ = {isa = PBXBuildFile; fileRef = 5F6B3B13267E4DFA00EB5E23 /* SongSelection+TutorialViewController+SongSelectionTableViewCellDelegate.swift */; };
		5F6B3B3A267E4DFA00EB5E23 /* SongSelection+TutorialViewController.swift in Sources */ = {isa = PBXBuildFile; fileRef = 5F6B3B14267E4DFA00EB5E23 /* SongSelection+TutorialViewController.swift */; };
		5F6B3B3B267E4DFA00EB5E23 /* SongSelection+TutorialView.swift in Sources */ = {isa = PBXBuildFile; fileRef = 5F6B3B16267E4DFA00EB5E23 /* SongSelection+TutorialView.swift */; };
		5F6B3B3C267E4DFA00EB5E23 /* SongSelection+Tutorial.storyboard in Resources */ = {isa = PBXBuildFile; fileRef = 5F6B3B17267E4DFA00EB5E23 /* SongSelection+Tutorial.storyboard */; };
		5F6B3B3D267E4DFA00EB5E23 /* SongSelectionTableViewCell.xib in Resources */ = {isa = PBXBuildFile; fileRef = 5F6B3B1A267E4DFA00EB5E23 /* SongSelectionTableViewCell.xib */; };
		5F6B3B3E267E4DFA00EB5E23 /* SongSelectionTableViewCellDelegate.swift in Sources */ = {isa = PBXBuildFile; fileRef = 5F6B3B1B267E4DFA00EB5E23 /* SongSelectionTableViewCellDelegate.swift */; };
		5F6B3B3F267E4DFA00EB5E23 /* SongSelectionTableViewCell.swift in Sources */ = {isa = PBXBuildFile; fileRef = 5F6B3B1C267E4DFA00EB5E23 /* SongSelectionTableViewCell.swift */; };
		5F6B3B40267E4DFA00EB5E23 /* HeaderTableViewCell.swift in Sources */ = {isa = PBXBuildFile; fileRef = 5F6B3B1D267E4DFA00EB5E23 /* HeaderTableViewCell.swift */; };
		5F6B3B41267E4DFA00EB5E23 /* GameSceneViewController.swift in Sources */ = {isa = PBXBuildFile; fileRef = 5F6B3B1F267E4DFA00EB5E23 /* GameSceneViewController.swift */; };
		5F6B3B42267E4DFA00EB5E23 /* GameScene.swift in Sources */ = {isa = PBXBuildFile; fileRef = 5F6B3B20267E4DFA00EB5E23 /* GameScene.swift */; };
		5F6B3B43267E4DFA00EB5E23 /* ChordClassifierDelegate.swift in Sources */ = {isa = PBXBuildFile; fileRef = 5F6B3B24267E4DFA00EB5E23 /* ChordClassifierDelegate.swift */; };
		5F6B3B44267E4DFA00EB5E23 /* ChordClassifierViewController.swift in Sources */ = {isa = PBXBuildFile; fileRef = 5F6B3B26267E4DFA00EB5E23 /* ChordClassifierViewController.swift */; };
		5F6B3B45267E4DFA00EB5E23 /* Base Key G.mlmodel in Sources */ = {isa = PBXBuildFile; fileRef = 5F6B3B28267E4DFA00EB5E23 /* Base Key G.mlmodel */; };
		5F6B3B46267E4DFA00EB5E23 /* Base Key F.mlmodel in Sources */ = {isa = PBXBuildFile; fileRef = 5F6B3B29267E4DFA00EB5E23 /* Base Key F.mlmodel */; };
		5F6B3B47267E4DFA00EB5E23 /* Base Key C.mlmodel in Sources */ = {isa = PBXBuildFile; fileRef = 5F6B3B2A267E4DFA00EB5E23 /* Base Key C.mlmodel */; };
		5F6B3B48267E4DFA00EB5E23 /* Song.swift in Sources */ = {isa = PBXBuildFile; fileRef = 5F6B3B2D267E4DFA00EB5E23 /* Song.swift */; };
		5F6B3B55267E500000EB5E23 /* DataHelper.swift in Sources */ = {isa = PBXBuildFile; fileRef = 5F6B3B49267E500000EB5E23 /* DataHelper.swift */; };
		5F6B3B56267E500000EB5E23 /* HomeStoryboard.storyboard in Resources */ = {isa = PBXBuildFile; fileRef = 5F6B3B4B267E500000EB5E23 /* HomeStoryboard.storyboard */; };
		5F6B3B57267E500000EB5E23 /* ChordProgressionCollectionViewCellA.swift in Sources */ = {isa = PBXBuildFile; fileRef = 5F6B3B4C267E500000EB5E23 /* ChordProgressionCollectionViewCellA.swift */; };
		5F6B3B59267E500000EB5E23 /* Songs+CoreDataProperties.swift in Sources */ = {isa = PBXBuildFile; fileRef = 5F6B3B4F267E500000EB5E23 /* Songs+CoreDataProperties.swift */; };
		5F6B3B5A267E500000EB5E23 /* Songs+CoreDataClass.swift in Sources */ = {isa = PBXBuildFile; fileRef = 5F6B3B50267E500000EB5E23 /* Songs+CoreDataClass.swift */; };
		5F6B3B5B267E500000EB5E23 /* ChordProgression.swift in Sources */ = {isa = PBXBuildFile; fileRef = 5F6B3B52267E500000EB5E23 /* ChordProgression.swift */; };
		5F6B3B5C267E500000EB5E23 /* HomeViewController.swift in Sources */ = {isa = PBXBuildFile; fileRef = 5F6B3B54267E500000EB5E23 /* HomeViewController.swift */; };
		5F6B3B5E267E516F00EB5E23 /* Main.storyboard in Resources */ = {isa = PBXBuildFile; fileRef = 5F6B3B5D267E516F00EB5E23 /* Main.storyboard */; };
		5FFCA6BC267E4847001F70A7 /* info.plist in Resources */ = {isa = PBXBuildFile; fileRef = 5FFCA6BB267E4847001F70A7 /* info.plist */; };
		5FFD95632671FADA005207C3 /* AppDelegate.swift in Sources */ = {isa = PBXBuildFile; fileRef = 5FFD95622671FADA005207C3 /* AppDelegate.swift */; };
		5FFD95652671FADA005207C3 /* SceneDelegate.swift in Sources */ = {isa = PBXBuildFile; fileRef = 5FFD95642671FADA005207C3 /* SceneDelegate.swift */; };
		5FFD956D2671FADA005207C3 /* chordfit.xcdatamodeld in Sources */ = {isa = PBXBuildFile; fileRef = 5FFD956B2671FADA005207C3 /* chordfit.xcdatamodeld */; };
		5FFD956F2671FADB005207C3 /* Assets.xcassets in Resources */ = {isa = PBXBuildFile; fileRef = 5FFD956E2671FADB005207C3 /* Assets.xcassets */; };
		5FFD95722671FADB005207C3 /* LaunchScreen.storyboard in Resources */ = {isa = PBXBuildFile; fileRef = 5FFD95702671FADB005207C3 /* LaunchScreen.storyboard */; };
		FC142447267E928D00E38E15 /* ChordProgressionCollectionViewCellB.swift in Sources */ = {isa = PBXBuildFile; fileRef = FC142446267E928D00E38E15 /* ChordProgressionCollectionViewCellB.swift */; };
		FC89F0FE267F39C600F68DFC /* movingCP.swift in Sources */ = {isa = PBXBuildFile; fileRef = 0F2E5B692679DE1D000B01F1 /* movingCP.swift */; };
/* End PBXBuildFile section */

/* Begin PBXFileReference section */
		0F2E5B692679DE1D000B01F1 /* movingCP.swift */ = {isa = PBXFileReference; lastKnownFileType = sourcecode.swift; path = movingCP.swift; sourceTree = "<group>"; };
		0F2E5BBF267CA8C2000B01F1 /* GameScene.sks */ = {isa = PBXFileReference; lastKnownFileType = file.sks; path = GameScene.sks; sourceTree = "<group>"; };
		5F6B3AFC267E4DFA00EB5E23 /* UIViewExtension.swift */ = {isa = PBXFileReference; fileEncoding = 4; lastKnownFileType = sourcecode.swift; path = UIViewExtension.swift; sourceTree = "<group>"; };
		5F6B3AFD267E4DFA00EB5E23 /* UINib+Loader.swift */ = {isa = PBXFileReference; fileEncoding = 4; lastKnownFileType = sourcecode.swift; path = "UINib+Loader.swift"; sourceTree = "<group>"; };
		5F6B3B02267E4DFA00EB5E23 /* GamePausedPopupView.swift */ = {isa = PBXFileReference; fileEncoding = 4; lastKnownFileType = sourcecode.swift; path = GamePausedPopupView.swift; sourceTree = "<group>"; };
		5F6B3B03267E4DFA00EB5E23 /* ChooseBaseKeyPopup.storyboard */ = {isa = PBXFileReference; fileEncoding = 4; lastKnownFileType = file.storyboard; path = ChooseBaseKeyPopup.storyboard; sourceTree = "<group>"; };
		5F6B3B04267E4DFA00EB5E23 /* GamePausedPopupView.xib */ = {isa = PBXFileReference; fileEncoding = 4; lastKnownFileType = file.xib; path = GamePausedPopupView.xib; sourceTree = "<group>"; };
		5F6B3B05267E4DFA00EB5E23 /* PopupViewController.swift */ = {isa = PBXFileReference; fileEncoding = 4; lastKnownFileType = sourcecode.swift; path = PopupViewController.swift; sourceTree = "<group>"; };
		5F6B3B06267E4DFA00EB5E23 /* ChooseBaseKeyPopupViewController.swift */ = {isa = PBXFileReference; fileEncoding = 4; lastKnownFileType = sourcecode.swift; path = ChooseBaseKeyPopupViewController.swift; sourceTree = "<group>"; };
		5F6B3B08267E4DFA00EB5E23 /* ChordFitColors.swift */ = {isa = PBXFileReference; fileEncoding = 4; lastKnownFileType = sourcecode.swift; path = ChordFitColors.swift; sourceTree = "<group>"; };
		5F6B3B0B267E4DFA00EB5E23 /* SongRepository.swift */ = {isa = PBXFileReference; fileEncoding = 4; lastKnownFileType = sourcecode.swift; path = SongRepository.swift; sourceTree = "<group>"; };
		5F6B3B0E267E4DFA00EB5E23 /* SongStaticDataStore.swift */ = {isa = PBXFileReference; fileEncoding = 4; lastKnownFileType = sourcecode.swift; path = SongStaticDataStore.swift; sourceTree = "<group>"; };
		5F6B3B12267E4DFA00EB5E23 /* SongSelection+TutorialViewController+SongSelectionTableViewDataSource+SongSelectionTableViewDelegate.swift */ = {isa = PBXFileReference; fileEncoding = 4; lastKnownFileType = sourcecode.swift; path = "SongSelection+TutorialViewController+SongSelectionTableViewDataSource+SongSelectionTableViewDelegate.swift"; sourceTree = "<group>"; };
		5F6B3B13267E4DFA00EB5E23 /* SongSelection+TutorialViewController+SongSelectionTableViewCellDelegate.swift */ = {isa = PBXFileReference; fileEncoding = 4; lastKnownFileType = sourcecode.swift; path = "SongSelection+TutorialViewController+SongSelectionTableViewCellDelegate.swift"; sourceTree = "<group>"; };
		5F6B3B14267E4DFA00EB5E23 /* SongSelection+TutorialViewController.swift */ = {isa = PBXFileReference; fileEncoding = 4; lastKnownFileType = sourcecode.swift; path = "SongSelection+TutorialViewController.swift"; sourceTree = "<group>"; };
		5F6B3B16267E4DFA00EB5E23 /* SongSelection+TutorialView.swift */ = {isa = PBXFileReference; fileEncoding = 4; lastKnownFileType = sourcecode.swift; path = "SongSelection+TutorialView.swift"; sourceTree = "<group>"; };
		5F6B3B17267E4DFA00EB5E23 /* SongSelection+Tutorial.storyboard */ = {isa = PBXFileReference; fileEncoding = 4; lastKnownFileType = file.storyboard; path = "SongSelection+Tutorial.storyboard"; sourceTree = "<group>"; };
		5F6B3B1A267E4DFA00EB5E23 /* SongSelectionTableViewCell.xib */ = {isa = PBXFileReference; fileEncoding = 4; lastKnownFileType = file.xib; path = SongSelectionTableViewCell.xib; sourceTree = "<group>"; };
		5F6B3B1B267E4DFA00EB5E23 /* SongSelectionTableViewCellDelegate.swift */ = {isa = PBXFileReference; fileEncoding = 4; lastKnownFileType = sourcecode.swift; path = SongSelectionTableViewCellDelegate.swift; sourceTree = "<group>"; };
		5F6B3B1C267E4DFA00EB5E23 /* SongSelectionTableViewCell.swift */ = {isa = PBXFileReference; fileEncoding = 4; lastKnownFileType = sourcecode.swift; path = SongSelectionTableViewCell.swift; sourceTree = "<group>"; };
		5F6B3B1D267E4DFA00EB5E23 /* HeaderTableViewCell.swift */ = {isa = PBXFileReference; fileEncoding = 4; lastKnownFileType = sourcecode.swift; path = HeaderTableViewCell.swift; sourceTree = "<group>"; };
		5F6B3B1F267E4DFA00EB5E23 /* GameSceneViewController.swift */ = {isa = PBXFileReference; fileEncoding = 4; lastKnownFileType = sourcecode.swift; path = GameSceneViewController.swift; sourceTree = "<group>"; };
		5F6B3B20267E4DFA00EB5E23 /* GameScene.swift */ = {isa = PBXFileReference; fileEncoding = 4; lastKnownFileType = sourcecode.swift; path = GameScene.swift; sourceTree = "<group>"; };
		5F6B3B24267E4DFA00EB5E23 /* ChordClassifierDelegate.swift */ = {isa = PBXFileReference; fileEncoding = 4; lastKnownFileType = sourcecode.swift; path = ChordClassifierDelegate.swift; sourceTree = "<group>"; };
		5F6B3B26267E4DFA00EB5E23 /* ChordClassifierViewController.swift */ = {isa = PBXFileReference; fileEncoding = 4; lastKnownFileType = sourcecode.swift; path = ChordClassifierViewController.swift; sourceTree = "<group>"; };
		5F6B3B28267E4DFA00EB5E23 /* Base Key G.mlmodel */ = {isa = PBXFileReference; lastKnownFileType = file.mlmodel; path = "Base Key G.mlmodel"; sourceTree = "<group>"; };
		5F6B3B29267E4DFA00EB5E23 /* Base Key F.mlmodel */ = {isa = PBXFileReference; lastKnownFileType = file.mlmodel; path = "Base Key F.mlmodel"; sourceTree = "<group>"; };
		5F6B3B2A267E4DFA00EB5E23 /* Base Key C.mlmodel */ = {isa = PBXFileReference; lastKnownFileType = file.mlmodel; path = "Base Key C.mlmodel"; sourceTree = "<group>"; };
		5F6B3B2D267E4DFA00EB5E23 /* Song.swift */ = {isa = PBXFileReference; fileEncoding = 4; lastKnownFileType = sourcecode.swift; path = Song.swift; sourceTree = "<group>"; };
		5F6B3B49267E500000EB5E23 /* DataHelper.swift */ = {isa = PBXFileReference; fileEncoding = 4; lastKnownFileType = sourcecode.swift; path = DataHelper.swift; sourceTree = "<group>"; };
		5F6B3B4B267E500000EB5E23 /* HomeStoryboard.storyboard */ = {isa = PBXFileReference; fileEncoding = 4; lastKnownFileType = file.storyboard; path = HomeStoryboard.storyboard; sourceTree = "<group>"; };
		5F6B3B4C267E500000EB5E23 /* ChordProgressionCollectionViewCellA.swift */ = {isa = PBXFileReference; fileEncoding = 4; lastKnownFileType = sourcecode.swift; path = ChordProgressionCollectionViewCellA.swift; sourceTree = "<group>"; };
		5F6B3B4F267E500000EB5E23 /* Songs+CoreDataProperties.swift */ = {isa = PBXFileReference; fileEncoding = 4; lastKnownFileType = sourcecode.swift; path = "Songs+CoreDataProperties.swift"; sourceTree = "<group>"; };
		5F6B3B50267E500000EB5E23 /* Songs+CoreDataClass.swift */ = {isa = PBXFileReference; fileEncoding = 4; lastKnownFileType = sourcecode.swift; path = "Songs+CoreDataClass.swift"; sourceTree = "<group>"; };
		5F6B3B52267E500000EB5E23 /* ChordProgression.swift */ = {isa = PBXFileReference; fileEncoding = 4; lastKnownFileType = sourcecode.swift; path = ChordProgression.swift; sourceTree = "<group>"; };
		5F6B3B54267E500000EB5E23 /* HomeViewController.swift */ = {isa = PBXFileReference; fileEncoding = 4; lastKnownFileType = sourcecode.swift; path = HomeViewController.swift; sourceTree = "<group>"; };
		5F6B3B5D267E516F00EB5E23 /* Main.storyboard */ = {isa = PBXFileReference; lastKnownFileType = file.storyboard; path = Main.storyboard; sourceTree = "<group>"; };
		5FFCA6BB267E4847001F70A7 /* info.plist */ = {isa = PBXFileReference; lastKnownFileType = text.plist.xml; path = info.plist; sourceTree = "<group>"; };
		5FFD955F2671FADA005207C3 /* chordfit.app */ = {isa = PBXFileReference; explicitFileType = wrapper.application; includeInIndex = 0; path = chordfit.app; sourceTree = BUILT_PRODUCTS_DIR; };
		5FFD95622671FADA005207C3 /* AppDelegate.swift */ = {isa = PBXFileReference; lastKnownFileType = sourcecode.swift; path = AppDelegate.swift; sourceTree = "<group>"; };
		5FFD95642671FADA005207C3 /* SceneDelegate.swift */ = {isa = PBXFileReference; lastKnownFileType = sourcecode.swift; path = SceneDelegate.swift; sourceTree = "<group>"; };
		5FFD956C2671FADA005207C3 /* chordfit.xcdatamodel */ = {isa = PBXFileReference; lastKnownFileType = wrapper.xcdatamodel; path = chordfit.xcdatamodel; sourceTree = "<group>"; };
		5FFD956E2671FADB005207C3 /* Assets.xcassets */ = {isa = PBXFileReference; lastKnownFileType = folder.assetcatalog; path = Assets.xcassets; sourceTree = "<group>"; };
		5FFD95712671FADB005207C3 /* Base */ = {isa = PBXFileReference; lastKnownFileType = file.storyboard; name = Base; path = Base.lproj/LaunchScreen.storyboard; sourceTree = "<group>"; };
		FC142446267E928D00E38E15 /* ChordProgressionCollectionViewCellB.swift */ = {isa = PBXFileReference; lastKnownFileType = sourcecode.swift; path = ChordProgressionCollectionViewCellB.swift; sourceTree = "<group>"; };
/* End PBXFileReference section */

/* Begin PBXFrameworksBuildPhase section */
		5FFD955C2671FADA005207C3 /* Frameworks */ = {
			isa = PBXFrameworksBuildPhase;
			buildActionMask = 2147483647;
			files = (
			);
			runOnlyForDeploymentPostprocessing = 0;
		};
/* End PBXFrameworksBuildPhase section */

/* Begin PBXGroup section */
		5F6B3AFB267E4DFA00EB5E23 /* Helper */ = {
			isa = PBXGroup;
			children = (
				5F6B3AFC267E4DFA00EB5E23 /* UIViewExtension.swift */,
				5F6B3AFD267E4DFA00EB5E23 /* UINib+Loader.swift */,
			);
			path = Helper;
			sourceTree = "<group>";
		};
		5F6B3AFE267E4DFA00EB5E23 /* Themes */ = {
			isa = PBXGroup;
			children = (
				5F6B3AFF267E4DFA00EB5E23 /* UI */,
				5F6B3B07267E4DFA00EB5E23 /* Colors */,
			);
			path = Themes;
			sourceTree = "<group>";
		};
		5F6B3AFF267E4DFA00EB5E23 /* UI */ = {
			isa = PBXGroup;
			children = (
				5F6B3B00267E4DFA00EB5E23 /* Popup */,
			);
			path = UI;
			sourceTree = "<group>";
		};
		5F6B3B00267E4DFA00EB5E23 /* Popup */ = {
			isa = PBXGroup;
			children = (
				5F6B3B01267E4DFA00EB5E23 /* View */,
			);
			path = Popup;
			sourceTree = "<group>";
		};
		5F6B3B01267E4DFA00EB5E23 /* View */ = {
			isa = PBXGroup;
			children = (
				5F6B3B02267E4DFA00EB5E23 /* GamePausedPopupView.swift */,
				5F6B3B03267E4DFA00EB5E23 /* ChooseBaseKeyPopup.storyboard */,
				5F6B3B04267E4DFA00EB5E23 /* GamePausedPopupView.xib */,
				5F6B3B05267E4DFA00EB5E23 /* PopupViewController.swift */,
				5F6B3B06267E4DFA00EB5E23 /* ChooseBaseKeyPopupViewController.swift */,
			);
			path = View;
			sourceTree = "<group>";
		};
		5F6B3B07267E4DFA00EB5E23 /* Colors */ = {
			isa = PBXGroup;
			children = (
				5F6B3B08267E4DFA00EB5E23 /* ChordFitColors.swift */,
			);
			path = Colors;
			sourceTree = "<group>";
		};
		5F6B3B09267E4DFA00EB5E23 /* Feature */ = {
			isa = PBXGroup;
			children = (
				FCFC4CEE2672C39600E248B8 /* Home */,
				5F6B3B0A267E4DFA00EB5E23 /* SongSelection */,
				5F6B3B1E267E4DFA00EB5E23 /* GameScene */,
			);
			path = Feature;
			sourceTree = "<group>";
		};
		5F6B3B0A267E4DFA00EB5E23 /* SongSelection */ = {
			isa = PBXGroup;
			children = (
				5F6B3B0B267E4DFA00EB5E23 /* SongRepository.swift */,
				5F6B3B0C267E4DFA00EB5E23 /* Model */,
				5F6B3B0F267E4DFA00EB5E23 /* Pages */,
			);
			path = SongSelection;
			sourceTree = "<group>";
		};
		5F6B3B0C267E4DFA00EB5E23 /* Model */ = {
			isa = PBXGroup;
			children = (
				5F6B3B0D267E4DFA00EB5E23 /* DataStore */,
			);
			path = Model;
			sourceTree = "<group>";
		};
		5F6B3B0D267E4DFA00EB5E23 /* DataStore */ = {
			isa = PBXGroup;
			children = (
				5F6B3B0E267E4DFA00EB5E23 /* SongStaticDataStore.swift */,
			);
			path = DataStore;
			sourceTree = "<group>";
		};
		5F6B3B0F267E4DFA00EB5E23 /* Pages */ = {
			isa = PBXGroup;
			children = (
				5F6B3B10267E4DFA00EB5E23 /* SongSelectionPage */,
			);
			path = Pages;
			sourceTree = "<group>";
		};
		5F6B3B10267E4DFA00EB5E23 /* SongSelectionPage */ = {
			isa = PBXGroup;
			children = (
				5F6B3B11267E4DFA00EB5E23 /* Controller */,
				5F6B3B15267E4DFA00EB5E23 /* View */,
			);
			path = SongSelectionPage;
			sourceTree = "<group>";
		};
		5F6B3B11267E4DFA00EB5E23 /* Controller */ = {
			isa = PBXGroup;
			children = (
				5F6B3B12267E4DFA00EB5E23 /* SongSelection+TutorialViewController+SongSelectionTableViewDataSource+SongSelectionTableViewDelegate.swift */,
				5F6B3B13267E4DFA00EB5E23 /* SongSelection+TutorialViewController+SongSelectionTableViewCellDelegate.swift */,
				5F6B3B14267E4DFA00EB5E23 /* SongSelection+TutorialViewController.swift */,
			);
			path = Controller;
			sourceTree = "<group>";
		};
		5F6B3B15267E4DFA00EB5E23 /* View */ = {
			isa = PBXGroup;
			children = (
				5F6B3B16267E4DFA00EB5E23 /* SongSelection+TutorialView.swift */,
				5F6B3B17267E4DFA00EB5E23 /* SongSelection+Tutorial.storyboard */,
				5F6B3B18267E4DFA00EB5E23 /* SongSelectionTableView */,
			);
			path = View;
			sourceTree = "<group>";
		};
		5F6B3B18267E4DFA00EB5E23 /* SongSelectionTableView */ = {
			isa = PBXGroup;
			children = (
				5F6B3B19267E4DFA00EB5E23 /* SongSelectionCell */,
			);
			path = SongSelectionTableView;
			sourceTree = "<group>";
		};
		5F6B3B19267E4DFA00EB5E23 /* SongSelectionCell */ = {
			isa = PBXGroup;
			children = (
				5F6B3B1A267E4DFA00EB5E23 /* SongSelectionTableViewCell.xib */,
				5F6B3B1B267E4DFA00EB5E23 /* SongSelectionTableViewCellDelegate.swift */,
				5F6B3B1C267E4DFA00EB5E23 /* SongSelectionTableViewCell.swift */,
				5F6B3B1D267E4DFA00EB5E23 /* HeaderTableViewCell.swift */,
			);
			path = SongSelectionCell;
			sourceTree = "<group>";
		};
		5F6B3B1E267E4DFA00EB5E23 /* GameScene */ = {
			isa = PBXGroup;
			children = (
				FC89F100267F3AA800F68DFC /* Model */,
				FC89F101267F3AAF00F68DFC /* View */,
				FC89F102267F3AB600F68DFC /* Controller */,
			);
			path = GameScene;
			sourceTree = "<group>";
		};
		5F6B3B21267E4DFA00EB5E23 /* Utilities */ = {
			isa = PBXGroup;
			children = (
				5F6B3B22267E4DFA00EB5E23 /* ChordClassifierAI */,
				5F6B3B2B267E4DFA00EB5E23 /* CoreData */,
			);
			path = Utilities;
			sourceTree = "<group>";
		};
		5F6B3B22267E4DFA00EB5E23 /* ChordClassifierAI */ = {
			isa = PBXGroup;
			children = (
				5F6B3B23267E4DFA00EB5E23 /* Protocol */,
				5F6B3B25267E4DFA00EB5E23 /* Controller */,
				5F6B3B27267E4DFA00EB5E23 /* Model */,
			);
			path = ChordClassifierAI;
			sourceTree = "<group>";
		};
		5F6B3B23267E4DFA00EB5E23 /* Protocol */ = {
			isa = PBXGroup;
			children = (
				5F6B3B24267E4DFA00EB5E23 /* ChordClassifierDelegate.swift */,
			);
			path = Protocol;
			sourceTree = "<group>";
		};
		5F6B3B25267E4DFA00EB5E23 /* Controller */ = {
			isa = PBXGroup;
			children = (
				5F6B3B26267E4DFA00EB5E23 /* ChordClassifierViewController.swift */,
			);
			path = Controller;
			sourceTree = "<group>";
		};
		5F6B3B27267E4DFA00EB5E23 /* Model */ = {
			isa = PBXGroup;
			children = (
				5F6B3B28267E4DFA00EB5E23 /* Base Key G.mlmodel */,
				5F6B3B29267E4DFA00EB5E23 /* Base Key F.mlmodel */,
				5F6B3B2A267E4DFA00EB5E23 /* Base Key C.mlmodel */,
			);
			path = Model;
			sourceTree = "<group>";
		};
		5F6B3B2B267E4DFA00EB5E23 /* CoreData */ = {
			isa = PBXGroup;
			children = (
				5F6B3B2C267E4DFA00EB5E23 /* Model */,
			);
			path = CoreData;
			sourceTree = "<group>";
		};
		5F6B3B2C267E4DFA00EB5E23 /* Model */ = {
			isa = PBXGroup;
			children = (
				5F6B3B2D267E4DFA00EB5E23 /* Song.swift */,
			);
			path = Model;
			sourceTree = "<group>";
		};
		5F6B3B4A267E500000EB5E23 /* View */ = {
			isa = PBXGroup;
			children = (
				5F6B3B4B267E500000EB5E23 /* HomeStoryboard.storyboard */,
				5F6B3B4C267E500000EB5E23 /* ChordProgressionCollectionViewCellA.swift */,
				FC142446267E928D00E38E15 /* ChordProgressionCollectionViewCellB.swift */,
			);
			path = View;
			sourceTree = "<group>";
		};
		5F6B3B4E267E500000EB5E23 /* Data */ = {
			isa = PBXGroup;
			children = (
				5F6B3B4F267E500000EB5E23 /* Songs+CoreDataProperties.swift */,
				5F6B3B50267E500000EB5E23 /* Songs+CoreDataClass.swift */,
			);
			path = Data;
			sourceTree = "<group>";
		};
		5F6B3B51267E500000EB5E23 /* Model */ = {
			isa = PBXGroup;
			children = (
				5F6B3B52267E500000EB5E23 /* ChordProgression.swift */,
			);
			path = Model;
			sourceTree = "<group>";
		};
		5F6B3B53267E500000EB5E23 /* Controller */ = {
			isa = PBXGroup;
			children = (
				5F6B3B54267E500000EB5E23 /* HomeViewController.swift */,
			);
			path = Controller;
			sourceTree = "<group>";
		};
		5FFD95562671FADA005207C3 = {
			isa = PBXGroup;
			children = (
				5FFD95612671FADA005207C3 /* chordfit */,
				5FFD95602671FADA005207C3 /* Products */,
			);
			sourceTree = "<group>";
		};
		5FFD95602671FADA005207C3 /* Products */ = {
			isa = PBXGroup;
			children = (
				5FFD955F2671FADA005207C3 /* chordfit.app */,
			);
			name = Products;
			sourceTree = "<group>";
		};
		5FFD95612671FADA005207C3 /* chordfit */ = {
			isa = PBXGroup;
			children = (
				5F6B3B21267E4DFA00EB5E23 /* Utilities */,
				5F6B3AFB267E4DFA00EB5E23 /* Helper */,
				5F6B3AFE267E4DFA00EB5E23 /* Themes */,
				5F6B3B09267E4DFA00EB5E23 /* Feature */,
				5FFD95622671FADA005207C3 /* AppDelegate.swift */,
				5FFD95642671FADA005207C3 /* SceneDelegate.swift */,
				5FFD956E2671FADB005207C3 /* Assets.xcassets */,
				5F6B3B5D267E516F00EB5E23 /* Main.storyboard */,
				5FFD95702671FADB005207C3 /* LaunchScreen.storyboard */,
				5FFCA6BB267E4847001F70A7 /* info.plist */,
				5FFD956B2671FADA005207C3 /* chordfit.xcdatamodeld */,
			);
			path = chordfit;
			sourceTree = "<group>";
		};
		FC89F100267F3AA800F68DFC /* Model */ = {
			isa = PBXGroup;
			children = (
				0F2E5B692679DE1D000B01F1 /* movingCP.swift */,
			);
			path = Model;
			sourceTree = "<group>";
		};
		FC89F101267F3AAF00F68DFC /* View */ = {
			isa = PBXGroup;
			children = (
				0F2E5BBF267CA8C2000B01F1 /* GameScene.sks */,
			);
			path = View;
			sourceTree = "<group>";
		};
		FC89F102267F3AB600F68DFC /* Controller */ = {
			isa = PBXGroup;
			children = (
				5F6B3B1F267E4DFA00EB5E23 /* GameSceneViewController.swift */,
				5F6B3B20267E4DFA00EB5E23 /* GameScene.swift */,
			);
			path = Controller;
			sourceTree = "<group>";
		};
		FCFC4CEE2672C39600E248B8 /* Home */ = {
			isa = PBXGroup;
			children = (
				5F6B3B53267E500000EB5E23 /* Controller */,
				5F6B3B4E267E500000EB5E23 /* Data */,
				5F6B3B49267E500000EB5E23 /* DataHelper.swift */,
				5F6B3B51267E500000EB5E23 /* Model */,
				5F6B3B4A267E500000EB5E23 /* View */,
			);
			path = Home;
			sourceTree = "<group>";
		};
/* End PBXGroup section */

/* Begin PBXNativeTarget section */
		5FFD955E2671FADA005207C3 /* chordfit */ = {
			isa = PBXNativeTarget;
			buildConfigurationList = 5FFD95762671FADB005207C3 /* Build configuration list for PBXNativeTarget "chordfit" */;
			buildPhases = (
				5FFD955B2671FADA005207C3 /* Sources */,
				5FFD955C2671FADA005207C3 /* Frameworks */,
				5FFD955D2671FADA005207C3 /* Resources */,
			);
			buildRules = (
			);
			dependencies = (
			);
			name = chordfit;
			productName = chordfit;
			productReference = 5FFD955F2671FADA005207C3 /* chordfit.app */;
			productType = "com.apple.product-type.application";
		};
/* End PBXNativeTarget section */

/* Begin PBXProject section */
		5FFD95572671FADA005207C3 /* Project object */ = {
			isa = PBXProject;
			attributes = {
				LastSwiftUpdateCheck = 1250;
				LastUpgradeCheck = 1250;
				TargetAttributes = {
					5FFD955E2671FADA005207C3 = {
						CreatedOnToolsVersion = 12.5;
					};
				};
			};
			buildConfigurationList = 5FFD955A2671FADA005207C3 /* Build configuration list for PBXProject "chordfit" */;
			compatibilityVersion = "Xcode 9.3";
			developmentRegion = en;
			hasScannedForEncodings = 0;
			knownRegions = (
				en,
				Base,
			);
			mainGroup = 5FFD95562671FADA005207C3;
			productRefGroup = 5FFD95602671FADA005207C3 /* Products */;
			projectDirPath = "";
			projectRoot = "";
			targets = (
				5FFD955E2671FADA005207C3 /* chordfit */,
			);
		};
/* End PBXProject section */

/* Begin PBXResourcesBuildPhase section */
		5FFD955D2671FADA005207C3 /* Resources */ = {
			isa = PBXResourcesBuildPhase;
			buildActionMask = 2147483647;
			files = (
				5F6B3B56267E500000EB5E23 /* HomeStoryboard.storyboard in Resources */,
				0F2E5BC0267CA8C2000B01F1 /* GameScene.sks in Resources */,
				5FFCA6BC267E4847001F70A7 /* info.plist in Resources */,
				5FFD95722671FADB005207C3 /* LaunchScreen.storyboard in Resources */,
				5FFD956F2671FADB005207C3 /* Assets.xcassets in Resources */,
				5F6B3B5E267E516F00EB5E23 /* Main.storyboard in Resources */,
				5F6B3B32267E4DFA00EB5E23 /* GamePausedPopupView.xib in Resources */,
				5F6B3B3C267E4DFA00EB5E23 /* SongSelection+Tutorial.storyboard in Resources */,
				5F6B3B31267E4DFA00EB5E23 /* ChooseBaseKeyPopup.storyboard in Resources */,
				5F6B3B3D267E4DFA00EB5E23 /* SongSelectionTableViewCell.xib in Resources */,
				5FFD956F2671FADB005207C3 /* Assets.xcassets in Resources */,
			);
			runOnlyForDeploymentPostprocessing = 0;
		};
/* End PBXResourcesBuildPhase section */

/* Begin PBXSourcesBuildPhase section */
		5FFD955B2671FADA005207C3 /* Sources */ = {
			isa = PBXSourcesBuildPhase;
			buildActionMask = 2147483647;
			files = (
				5F6B3B40267E4DFA00EB5E23 /* HeaderTableViewCell.swift in Sources */,
				5F6B3B44267E4DFA00EB5E23 /* ChordClassifierViewController.swift in Sources */,
				5F6B3B59267E500000EB5E23 /* Songs+CoreDataProperties.swift in Sources */,
				5F6B3B39267E4DFA00EB5E23 /* SongSelection+TutorialViewController+SongSelectionTableViewCellDelegate.swift in Sources */,
				5F6B3B48267E4DFA00EB5E23 /* Song.swift in Sources */,
				5F6B3B5A267E500000EB5E23 /* Songs+CoreDataClass.swift in Sources */,
				5F6B3B5B267E500000EB5E23 /* ChordProgression.swift in Sources */,
				5FFD956D2671FADA005207C3 /* chordfit.xcdatamodeld in Sources */,
				5FFD95632671FADA005207C3 /* AppDelegate.swift in Sources */,
				5F6B3B34267E4DFA00EB5E23 /* ChooseBaseKeyPopupViewController.swift in Sources */,
				5F6B3B3A267E4DFA00EB5E23 /* SongSelection+TutorialViewController.swift in Sources */,
				5F6B3B47267E4DFA00EB5E23 /* Base Key C.mlmodel in Sources */,
				5F6B3B2E267E4DFA00EB5E23 /* UIViewExtension.swift in Sources */,
				5F6B3B3E267E4DFA00EB5E23 /* SongSelectionTableViewCellDelegate.swift in Sources */,
				5F6B3B38267E4DFA00EB5E23 /* SongSelection+TutorialViewController+SongSelectionTableViewDataSource+SongSelectionTableViewDelegate.swift in Sources */,
				5F6B3B46267E4DFA00EB5E23 /* Base Key F.mlmodel in Sources */,
				5F6B3B37267E4DFA00EB5E23 /* SongStaticDataStore.swift in Sources */,
				5FFD95652671FADA005207C3 /* SceneDelegate.swift in Sources */,
				5F6B3B45267E4DFA00EB5E23 /* Base Key G.mlmodel in Sources */,
				5F6B3B2F267E4DFA00EB5E23 /* UINib+Loader.swift in Sources */,
				5F6B3B36267E4DFA00EB5E23 /* SongRepository.swift in Sources */,
				5F6B3B57267E500000EB5E23 /* ChordProgressionCollectionViewCellA.swift in Sources */,
				5F6B3B3F267E4DFA00EB5E23 /* SongSelectionTableViewCell.swift in Sources */,
				5F6B3B35267E4DFA00EB5E23 /* ChordFitColors.swift in Sources */,
				FC89F0FE267F39C600F68DFC /* movingCP.swift in Sources */,
				5F6B3B41267E4DFA00EB5E23 /* GameSceneViewController.swift in Sources */,
				5F6B3B30267E4DFA00EB5E23 /* GamePausedPopupView.swift in Sources */,
				5FFD95632671FADA005207C3 /* AppDelegate.swift in Sources */,
				5F6B3B43267E4DFA00EB5E23 /* ChordClassifierDelegate.swift in Sources */,
				5F6B3B42267E4DFA00EB5E23 /* GameScene.swift in Sources */,
				5F6B3B55267E500000EB5E23 /* DataHelper.swift in Sources */,
				FC142447267E928D00E38E15 /* ChordProgressionCollectionViewCellB.swift in Sources */,
				5F6B3B5C267E500000EB5E23 /* HomeViewController.swift in Sources */,
				5FFD95652671FADA005207C3 /* SceneDelegate.swift in Sources */,
				5F6B3B3B267E4DFA00EB5E23 /* SongSelection+TutorialView.swift in Sources */,
				5F6B3B33267E4DFA00EB5E23 /* PopupViewController.swift in Sources */,
			);
			runOnlyForDeploymentPostprocessing = 0;
		};
/* End PBXSourcesBuildPhase section */

/* Begin PBXVariantGroup section */
		5FFD95702671FADB005207C3 /* LaunchScreen.storyboard */ = {
			isa = PBXVariantGroup;
			children = (
				5FFD95712671FADB005207C3 /* Base */,
			);
			name = LaunchScreen.storyboard;
			sourceTree = "<group>";
		};
/* End PBXVariantGroup section */

/* Begin XCBuildConfiguration section */
		5FFD95742671FADB005207C3 /* Debug */ = {
			isa = XCBuildConfiguration;
			buildSettings = {
				ALWAYS_SEARCH_USER_PATHS = NO;
				CLANG_ANALYZER_NONNULL = YES;
				CLANG_ANALYZER_NUMBER_OBJECT_CONVERSION = YES_AGGRESSIVE;
				CLANG_CXX_LANGUAGE_STANDARD = "gnu++14";
				CLANG_CXX_LIBRARY = "libc++";
				CLANG_ENABLE_MODULES = YES;
				CLANG_ENABLE_OBJC_ARC = YES;
				CLANG_ENABLE_OBJC_WEAK = YES;
				CLANG_WARN_BLOCK_CAPTURE_AUTORELEASING = YES;
				CLANG_WARN_BOOL_CONVERSION = YES;
				CLANG_WARN_COMMA = YES;
				CLANG_WARN_CONSTANT_CONVERSION = YES;
				CLANG_WARN_DEPRECATED_OBJC_IMPLEMENTATIONS = YES;
				CLANG_WARN_DIRECT_OBJC_ISA_USAGE = YES_ERROR;
				CLANG_WARN_DOCUMENTATION_COMMENTS = YES;
				CLANG_WARN_EMPTY_BODY = YES;
				CLANG_WARN_ENUM_CONVERSION = YES;
				CLANG_WARN_INFINITE_RECURSION = YES;
				CLANG_WARN_INT_CONVERSION = YES;
				CLANG_WARN_NON_LITERAL_NULL_CONVERSION = YES;
				CLANG_WARN_OBJC_IMPLICIT_RETAIN_SELF = YES;
				CLANG_WARN_OBJC_LITERAL_CONVERSION = YES;
				CLANG_WARN_OBJC_ROOT_CLASS = YES_ERROR;
				CLANG_WARN_QUOTED_INCLUDE_IN_FRAMEWORK_HEADER = YES;
				CLANG_WARN_RANGE_LOOP_ANALYSIS = YES;
				CLANG_WARN_STRICT_PROTOTYPES = YES;
				CLANG_WARN_SUSPICIOUS_MOVE = YES;
				CLANG_WARN_UNGUARDED_AVAILABILITY = YES_AGGRESSIVE;
				CLANG_WARN_UNREACHABLE_CODE = YES;
				CLANG_WARN__DUPLICATE_METHOD_MATCH = YES;
				COPY_PHASE_STRIP = NO;
				DEBUG_INFORMATION_FORMAT = dwarf;
				ENABLE_STRICT_OBJC_MSGSEND = YES;
				ENABLE_TESTABILITY = YES;
				GCC_C_LANGUAGE_STANDARD = gnu11;
				GCC_DYNAMIC_NO_PIC = NO;
				GCC_NO_COMMON_BLOCKS = YES;
				GCC_OPTIMIZATION_LEVEL = 0;
				GCC_PREPROCESSOR_DEFINITIONS = (
					"DEBUG=1",
					"$(inherited)",
				);
				GCC_WARN_64_TO_32_BIT_CONVERSION = YES;
				GCC_WARN_ABOUT_RETURN_TYPE = YES_ERROR;
				GCC_WARN_UNDECLARED_SELECTOR = YES;
				GCC_WARN_UNINITIALIZED_AUTOS = YES_AGGRESSIVE;
				GCC_WARN_UNUSED_FUNCTION = YES;
				GCC_WARN_UNUSED_VARIABLE = YES;
				IPHONEOS_DEPLOYMENT_TARGET = 14.5;
				MTL_ENABLE_DEBUG_INFO = INCLUDE_SOURCE;
				MTL_FAST_MATH = YES;
				ONLY_ACTIVE_ARCH = YES;
				SDKROOT = iphoneos;
				SWIFT_ACTIVE_COMPILATION_CONDITIONS = DEBUG;
				SWIFT_OPTIMIZATION_LEVEL = "-Onone";
			};
			name = Debug;
		};
		5FFD95752671FADB005207C3 /* Release */ = {
			isa = XCBuildConfiguration;
			buildSettings = {
				ALWAYS_SEARCH_USER_PATHS = NO;
				CLANG_ANALYZER_NONNULL = YES;
				CLANG_ANALYZER_NUMBER_OBJECT_CONVERSION = YES_AGGRESSIVE;
				CLANG_CXX_LANGUAGE_STANDARD = "gnu++14";
				CLANG_CXX_LIBRARY = "libc++";
				CLANG_ENABLE_MODULES = YES;
				CLANG_ENABLE_OBJC_ARC = YES;
				CLANG_ENABLE_OBJC_WEAK = YES;
				CLANG_WARN_BLOCK_CAPTURE_AUTORELEASING = YES;
				CLANG_WARN_BOOL_CONVERSION = YES;
				CLANG_WARN_COMMA = YES;
				CLANG_WARN_CONSTANT_CONVERSION = YES;
				CLANG_WARN_DEPRECATED_OBJC_IMPLEMENTATIONS = YES;
				CLANG_WARN_DIRECT_OBJC_ISA_USAGE = YES_ERROR;
				CLANG_WARN_DOCUMENTATION_COMMENTS = YES;
				CLANG_WARN_EMPTY_BODY = YES;
				CLANG_WARN_ENUM_CONVERSION = YES;
				CLANG_WARN_INFINITE_RECURSION = YES;
				CLANG_WARN_INT_CONVERSION = YES;
				CLANG_WARN_NON_LITERAL_NULL_CONVERSION = YES;
				CLANG_WARN_OBJC_IMPLICIT_RETAIN_SELF = YES;
				CLANG_WARN_OBJC_LITERAL_CONVERSION = YES;
				CLANG_WARN_OBJC_ROOT_CLASS = YES_ERROR;
				CLANG_WARN_QUOTED_INCLUDE_IN_FRAMEWORK_HEADER = YES;
				CLANG_WARN_RANGE_LOOP_ANALYSIS = YES;
				CLANG_WARN_STRICT_PROTOTYPES = YES;
				CLANG_WARN_SUSPICIOUS_MOVE = YES;
				CLANG_WARN_UNGUARDED_AVAILABILITY = YES_AGGRESSIVE;
				CLANG_WARN_UNREACHABLE_CODE = YES;
				CLANG_WARN__DUPLICATE_METHOD_MATCH = YES;
				COPY_PHASE_STRIP = NO;
				DEBUG_INFORMATION_FORMAT = "dwarf-with-dsym";
				ENABLE_NS_ASSERTIONS = NO;
				ENABLE_STRICT_OBJC_MSGSEND = YES;
				GCC_C_LANGUAGE_STANDARD = gnu11;
				GCC_NO_COMMON_BLOCKS = YES;
				GCC_WARN_64_TO_32_BIT_CONVERSION = YES;
				GCC_WARN_ABOUT_RETURN_TYPE = YES_ERROR;
				GCC_WARN_UNDECLARED_SELECTOR = YES;
				GCC_WARN_UNINITIALIZED_AUTOS = YES_AGGRESSIVE;
				GCC_WARN_UNUSED_FUNCTION = YES;
				GCC_WARN_UNUSED_VARIABLE = YES;
				IPHONEOS_DEPLOYMENT_TARGET = 14.5;
				MTL_ENABLE_DEBUG_INFO = NO;
				MTL_FAST_MATH = YES;
				SDKROOT = iphoneos;
				SWIFT_COMPILATION_MODE = wholemodule;
				SWIFT_OPTIMIZATION_LEVEL = "-O";
				VALIDATE_PRODUCT = YES;
			};
			name = Release;
		};
		5FFD95772671FADB005207C3 /* Debug */ = {
			isa = XCBuildConfiguration;
			buildSettings = {
				ASSETCATALOG_COMPILER_APPICON_NAME = AppIcon;
				ASSETCATALOG_COMPILER_GLOBAL_ACCENT_COLOR_NAME = AccentColor;
				CODE_SIGN_STYLE = Automatic;
				DEVELOPMENT_TEAM = GLG9RS7DU4;
				INFOPLIST_FILE = chordfit/Info.plist;
				IPHONEOS_DEPLOYMENT_TARGET = 14.4;
				LD_RUNPATH_SEARCH_PATHS = (
					"$(inherited)",
					"@executable_path/Frameworks",
				);
				PRODUCT_BUNDLE_IDENTIFIER = com.bts.chordfit;
				PRODUCT_NAME = "$(TARGET_NAME)";
				SWIFT_VERSION = 5.0;
				TARGETED_DEVICE_FAMILY = "1,2";
			};
			name = Debug;
		};
		5FFD95782671FADB005207C3 /* Release */ = {
			isa = XCBuildConfiguration;
			buildSettings = {
				ASSETCATALOG_COMPILER_APPICON_NAME = AppIcon;
				ASSETCATALOG_COMPILER_GLOBAL_ACCENT_COLOR_NAME = AccentColor;
				CODE_SIGN_STYLE = Automatic;
				DEVELOPMENT_TEAM = GLG9RS7DU4;
				INFOPLIST_FILE = chordfit/Info.plist;
				IPHONEOS_DEPLOYMENT_TARGET = 14.4;
				LD_RUNPATH_SEARCH_PATHS = (
					"$(inherited)",
					"@executable_path/Frameworks",
				);
				PRODUCT_BUNDLE_IDENTIFIER = com.bts.chordfit;
				PRODUCT_NAME = "$(TARGET_NAME)";
				SWIFT_VERSION = 5.0;
				TARGETED_DEVICE_FAMILY = "1,2";
			};
			name = Release;
		};
/* End XCBuildConfiguration section */

/* Begin XCConfigurationList section */
		5FFD955A2671FADA005207C3 /* Build configuration list for PBXProject "chordfit" */ = {
			isa = XCConfigurationList;
			buildConfigurations = (
				5FFD95742671FADB005207C3 /* Debug */,
				5FFD95752671FADB005207C3 /* Release */,
			);
			defaultConfigurationIsVisible = 0;
			defaultConfigurationName = Release;
		};
		5FFD95762671FADB005207C3 /* Build configuration list for PBXNativeTarget "chordfit" */ = {
			isa = XCConfigurationList;
			buildConfigurations = (
				5FFD95772671FADB005207C3 /* Debug */,
				5FFD95782671FADB005207C3 /* Release */,
			);
			defaultConfigurationIsVisible = 0;
			defaultConfigurationName = Release;
		};
/* End XCConfigurationList section */

/* Begin XCVersionGroup section */
		5FFD956B2671FADA005207C3 /* chordfit.xcdatamodeld */ = {
			isa = XCVersionGroup;
			children = (
				5FFD956C2671FADA005207C3 /* chordfit.xcdatamodel */,
			);
			currentVersion = 5FFD956C2671FADA005207C3 /* chordfit.xcdatamodel */;
			path = chordfit.xcdatamodeld;
			sourceTree = "<group>";
			versionGroupType = wrapper.xcdatamodel;
		};
/* End XCVersionGroup section */
	};
	rootObject = 5FFD95572671FADA005207C3 /* Project object */;
}
