// !$*UTF8*$!
{
	archiveVersion = 1;
	classes = {
	};
	objectVersion = 50;
	objects = {

/* Begin PBXBuildFile section */
		0F2E5B622679DD11000B01F1 /* GameScene.swift in Sources */ = {isa = PBXBuildFile; fileRef = 0F2E5B612679DD11000B01F1 /* GameScene.swift */; };
		0F2E5B662679DD54000B01F1 /* GameSceneViewController.swift in Sources */ = {isa = PBXBuildFile; fileRef = 0F2E5B652679DD54000B01F1 /* GameSceneViewController.swift */; };
		0F2E5B6A2679DE1D000B01F1 /* movingCP.swift in Sources */ = {isa = PBXBuildFile; fileRef = 0F2E5B692679DE1D000B01F1 /* movingCP.swift */; };
		0F2E5BC0267CA8C2000B01F1 /* GameScene.sks in Resources */ = {isa = PBXBuildFile; fileRef = 0F2E5BBF267CA8C2000B01F1 /* GameScene.sks */; };
		5F0C9361267B44BD0010887B /* Base Key C.mlmodel in Sources */ = {isa = PBXBuildFile; fileRef = 5F0C935E267B44BC0010887B /* Base Key C.mlmodel */; };
		5F0C9362267B44BD0010887B /* Base Key F.mlmodel in Sources */ = {isa = PBXBuildFile; fileRef = 5F0C935F267B44BC0010887B /* Base Key F.mlmodel */; };
		5F0C9363267B44BD0010887B /* Base Key G.mlmodel in Sources */ = {isa = PBXBuildFile; fileRef = 5F0C9360267B44BD0010887B /* Base Key G.mlmodel */; };
		5F0C9366267B4B740010887B /* ChordClassifierViewController.swift in Sources */ = {isa = PBXBuildFile; fileRef = 5F0C9365267B4B740010887B /* ChordClassifierViewController.swift */; };
		5F0C9369267B96EC0010887B /* ChordClassifierDelegate.swift in Sources */ = {isa = PBXBuildFile; fileRef = 5F0C9368267B96EC0010887B /* ChordClassifierDelegate.swift */; };
		5F6B3B60267E51E500EB5E23 /* Main.storyboard in Resources */ = {isa = PBXBuildFile; fileRef = 5F6B3B5F267E51E500EB5E23 /* Main.storyboard */; };
		5FAA4730267F48C200AA8994 /* AudioPlayerController.swift in Sources */ = {isa = PBXBuildFile; fileRef = 5FAA472F267F48C200AA8994 /* AudioPlayerController.swift */; };
		5FAA4734267F492700AA8994 /* Imagine Dragons - Demons Audio.mp3 in Resources */ = {isa = PBXBuildFile; fileRef = 5FAA4733267F492700AA8994 /* Imagine Dragons - Demons Audio.mp3 */; };
		5FB884B5267F6BC800ECB401 /* GameScene.storyboard in Resources */ = {isa = PBXBuildFile; fileRef = 5FB884B4267F6BC800ECB401 /* GameScene.storyboard */; };
		5FB884B7267F6C4C00ECB401 /* ViewController.swift in Sources */ = {isa = PBXBuildFile; fileRef = 5FB884B6267F6C4C00ECB401 /* ViewController.swift */; };
		5FB884BC267F6FC900ECB401 /* ChooseBaseKeyPopupViewController.swift in Sources */ = {isa = PBXBuildFile; fileRef = 5FB884BA267F6FC900ECB401 /* ChooseBaseKeyPopupViewController.swift */; };
		5FB884BD267F6FC900ECB401 /* ChooseBaseKeyPopup.storyboard in Resources */ = {isa = PBXBuildFile; fileRef = 5FB884BB267F6FC900ECB401 /* ChooseBaseKeyPopup.storyboard */; };
		5FFD95632671FADA005207C3 /* AppDelegate.swift in Sources */ = {isa = PBXBuildFile; fileRef = 5FFD95622671FADA005207C3 /* AppDelegate.swift */; };
		5FFD95652671FADA005207C3 /* SceneDelegate.swift in Sources */ = {isa = PBXBuildFile; fileRef = 5FFD95642671FADA005207C3 /* SceneDelegate.swift */; };
		5FFD956D2671FADA005207C3 /* chordfit.xcdatamodeld in Sources */ = {isa = PBXBuildFile; fileRef = 5FFD956B2671FADA005207C3 /* chordfit.xcdatamodeld */; };
		5FFD956F2671FADB005207C3 /* Assets.xcassets in Resources */ = {isa = PBXBuildFile; fileRef = 5FFD956E2671FADB005207C3 /* Assets.xcassets */; };
		5FFD95722671FADB005207C3 /* LaunchScreen.storyboard in Resources */ = {isa = PBXBuildFile; fileRef = 5FFD95702671FADB005207C3 /* LaunchScreen.storyboard */; };
		BF7EC70D267383D6004E4849 /* Song.swift in Sources */ = {isa = PBXBuildFile; fileRef = BF7EC70C267383D6004E4849 /* Song.swift */; };
		BF7EC712267388C5004E4849 /* SongStaticDataStore.swift in Sources */ = {isa = PBXBuildFile; fileRef = BF7EC711267388C5004E4849 /* SongStaticDataStore.swift */; };
		BF7EC71526738E79004E4849 /* SongRepository.swift in Sources */ = {isa = PBXBuildFile; fileRef = BF7EC71426738E79004E4849 /* SongRepository.swift */; };
		BF7EC71726739487004E4849 /* ChordFitColors.swift in Sources */ = {isa = PBXBuildFile; fileRef = BF7EC71626739487004E4849 /* ChordFitColors.swift */; };
		BF7EC71B267396FE004E4849 /* SongSelectionTableViewCell.swift in Sources */ = {isa = PBXBuildFile; fileRef = BF7EC719267396FE004E4849 /* SongSelectionTableViewCell.swift */; };
		BF7EC71C267396FE004E4849 /* SongSelectionTableViewCell.xib in Resources */ = {isa = PBXBuildFile; fileRef = BF7EC71A267396FE004E4849 /* SongSelectionTableViewCell.xib */; };
		BF7EC72426745D0A004E4849 /* UINib+Loader.swift in Sources */ = {isa = PBXBuildFile; fileRef = BF7EC72326745D0A004E4849 /* UINib+Loader.swift */; };
		BF7EC72B26746577004E4849 /* SongSelection+TutorialView.swift in Sources */ = {isa = PBXBuildFile; fileRef = BF7EC72A26746577004E4849 /* SongSelection+TutorialView.swift */; };
		BF7EC72F26746A90004E4849 /* SongSelection+TutorialViewController.swift in Sources */ = {isa = PBXBuildFile; fileRef = BF7EC72E26746A90004E4849 /* SongSelection+TutorialViewController.swift */; };
		BF7EC73126746CF4004E4849 /* SongSelection+Tutorial.storyboard in Resources */ = {isa = PBXBuildFile; fileRef = BF7EC73026746CF4004E4849 /* SongSelection+Tutorial.storyboard */; };
		BF7EC73326746E31004E4849 /* SongSelection_TutorialViewController+SongSelectionTableViewDataSource+SongSelectionTableViewDelegate.swift in Sources */ = {isa = PBXBuildFile; fileRef = BF7EC73226746E31004E4849 /* SongSelection_TutorialViewController+SongSelectionTableViewDataSource+SongSelectionTableViewDelegate.swift */; };
		BF7EC7372674840B004E4849 /* SongSelectionTableViewCellDelegate.swift in Sources */ = {isa = PBXBuildFile; fileRef = BF7EC7362674840B004E4849 /* SongSelectionTableViewCellDelegate.swift */; };
		BF7EC73926748664004E4849 /* SongSelection_TutorialViewController+SongSelectionTableViewCellDelegate.swift in Sources */ = {isa = PBXBuildFile; fileRef = BF7EC73826748664004E4849 /* SongSelection_TutorialViewController+SongSelectionTableViewCellDelegate.swift */; };
/* End PBXBuildFile section */

/* Begin PBXFileReference section */
		0F2E5B612679DD11000B01F1 /* GameScene.swift */ = {isa = PBXFileReference; lastKnownFileType = sourcecode.swift; path = GameScene.swift; sourceTree = "<group>"; };
		0F2E5B652679DD54000B01F1 /* GameSceneViewController.swift */ = {isa = PBXFileReference; lastKnownFileType = sourcecode.swift; path = GameSceneViewController.swift; sourceTree = "<group>"; };
		0F2E5B692679DE1D000B01F1 /* movingCP.swift */ = {isa = PBXFileReference; lastKnownFileType = sourcecode.swift; path = movingCP.swift; sourceTree = "<group>"; };
		0F2E5BBF267CA8C2000B01F1 /* GameScene.sks */ = {isa = PBXFileReference; lastKnownFileType = file.sks; path = GameScene.sks; sourceTree = "<group>"; };
		5F0C935E267B44BC0010887B /* Base Key C.mlmodel */ = {isa = PBXFileReference; lastKnownFileType = file.mlmodel; path = "Base Key C.mlmodel"; sourceTree = "<group>"; };
		5F0C935F267B44BC0010887B /* Base Key F.mlmodel */ = {isa = PBXFileReference; lastKnownFileType = file.mlmodel; path = "Base Key F.mlmodel"; sourceTree = "<group>"; };
		5F0C9360267B44BD0010887B /* Base Key G.mlmodel */ = {isa = PBXFileReference; lastKnownFileType = file.mlmodel; path = "Base Key G.mlmodel"; sourceTree = "<group>"; };
		5F0C9365267B4B740010887B /* ChordClassifierViewController.swift */ = {isa = PBXFileReference; lastKnownFileType = sourcecode.swift; path = ChordClassifierViewController.swift; sourceTree = "<group>"; };
		5F0C9368267B96EC0010887B /* ChordClassifierDelegate.swift */ = {isa = PBXFileReference; lastKnownFileType = sourcecode.swift; path = ChordClassifierDelegate.swift; sourceTree = "<group>"; };
		5F6B3B5F267E51E500EB5E23 /* Main.storyboard */ = {isa = PBXFileReference; fileEncoding = 4; lastKnownFileType = file.storyboard; path = Main.storyboard; sourceTree = "<group>"; };
		5FAA472F267F48C200AA8994 /* AudioPlayerController.swift */ = {isa = PBXFileReference; lastKnownFileType = sourcecode.swift; path = AudioPlayerController.swift; sourceTree = "<group>"; };
		5FAA4733267F492700AA8994 /* Imagine Dragons - Demons Audio.mp3 */ = {isa = PBXFileReference; lastKnownFileType = audio.mp3; path = "Imagine Dragons - Demons Audio.mp3"; sourceTree = "<group>"; };
		5FB884B4267F6BC800ECB401 /* GameScene.storyboard */ = {isa = PBXFileReference; lastKnownFileType = file.storyboard; path = GameScene.storyboard; sourceTree = "<group>"; };
		5FB884B6267F6C4C00ECB401 /* ViewController.swift */ = {isa = PBXFileReference; lastKnownFileType = sourcecode.swift; path = ViewController.swift; sourceTree = "<group>"; };
		5FB884BA267F6FC900ECB401 /* ChooseBaseKeyPopupViewController.swift */ = {isa = PBXFileReference; fileEncoding = 4; lastKnownFileType = sourcecode.swift; path = ChooseBaseKeyPopupViewController.swift; sourceTree = "<group>"; };
		5FB884BB267F6FC900ECB401 /* ChooseBaseKeyPopup.storyboard */ = {isa = PBXFileReference; fileEncoding = 4; lastKnownFileType = file.storyboard; path = ChooseBaseKeyPopup.storyboard; sourceTree = "<group>"; };
		5FFD955F2671FADA005207C3 /* chordfit.app */ = {isa = PBXFileReference; explicitFileType = wrapper.application; includeInIndex = 0; path = chordfit.app; sourceTree = BUILT_PRODUCTS_DIR; };
		5FFD95622671FADA005207C3 /* AppDelegate.swift */ = {isa = PBXFileReference; lastKnownFileType = sourcecode.swift; path = AppDelegate.swift; sourceTree = "<group>"; };
		5FFD95642671FADA005207C3 /* SceneDelegate.swift */ = {isa = PBXFileReference; lastKnownFileType = sourcecode.swift; path = SceneDelegate.swift; sourceTree = "<group>"; };
		5FFD956C2671FADA005207C3 /* chordfit.xcdatamodel */ = {isa = PBXFileReference; lastKnownFileType = wrapper.xcdatamodel; path = chordfit.xcdatamodel; sourceTree = "<group>"; };
		5FFD956E2671FADB005207C3 /* Assets.xcassets */ = {isa = PBXFileReference; lastKnownFileType = folder.assetcatalog; path = Assets.xcassets; sourceTree = "<group>"; };
		5FFD95712671FADB005207C3 /* Base */ = {isa = PBXFileReference; lastKnownFileType = file.storyboard; name = Base; path = Base.lproj/LaunchScreen.storyboard; sourceTree = "<group>"; };
		5FFD95732671FADB005207C3 /* Info.plist */ = {isa = PBXFileReference; lastKnownFileType = text.plist.xml; path = Info.plist; sourceTree = "<group>"; };
		BF7EC70C267383D6004E4849 /* Song.swift */ = {isa = PBXFileReference; lastKnownFileType = sourcecode.swift; path = Song.swift; sourceTree = "<group>"; };
		BF7EC711267388C5004E4849 /* SongStaticDataStore.swift */ = {isa = PBXFileReference; lastKnownFileType = sourcecode.swift; path = SongStaticDataStore.swift; sourceTree = "<group>"; };
		BF7EC71426738E79004E4849 /* SongRepository.swift */ = {isa = PBXFileReference; lastKnownFileType = sourcecode.swift; path = SongRepository.swift; sourceTree = "<group>"; };
		BF7EC71626739487004E4849 /* ChordFitColors.swift */ = {isa = PBXFileReference; lastKnownFileType = sourcecode.swift; path = ChordFitColors.swift; sourceTree = "<group>"; };
		BF7EC719267396FE004E4849 /* SongSelectionTableViewCell.swift */ = {isa = PBXFileReference; lastKnownFileType = sourcecode.swift; path = SongSelectionTableViewCell.swift; sourceTree = "<group>"; };
		BF7EC71A267396FE004E4849 /* SongSelectionTableViewCell.xib */ = {isa = PBXFileReference; lastKnownFileType = file.xib; path = SongSelectionTableViewCell.xib; sourceTree = "<group>"; };
		BF7EC72326745D0A004E4849 /* UINib+Loader.swift */ = {isa = PBXFileReference; lastKnownFileType = sourcecode.swift; path = "UINib+Loader.swift"; sourceTree = "<group>"; };
		BF7EC72A26746577004E4849 /* SongSelection+TutorialView.swift */ = {isa = PBXFileReference; lastKnownFileType = sourcecode.swift; path = "SongSelection+TutorialView.swift"; sourceTree = "<group>"; };
		BF7EC72E26746A90004E4849 /* SongSelection+TutorialViewController.swift */ = {isa = PBXFileReference; lastKnownFileType = sourcecode.swift; path = "SongSelection+TutorialViewController.swift"; sourceTree = "<group>"; };
		BF7EC73026746CF4004E4849 /* SongSelection+Tutorial.storyboard */ = {isa = PBXFileReference; lastKnownFileType = file.storyboard; path = "SongSelection+Tutorial.storyboard"; sourceTree = "<group>"; };
		BF7EC73226746E31004E4849 /* SongSelection_TutorialViewController+SongSelectionTableViewDataSource+SongSelectionTableViewDelegate.swift */ = {isa = PBXFileReference; lastKnownFileType = sourcecode.swift; path = "SongSelection_TutorialViewController+SongSelectionTableViewDataSource+SongSelectionTableViewDelegate.swift"; sourceTree = "<group>"; };
		BF7EC7362674840B004E4849 /* SongSelectionTableViewCellDelegate.swift */ = {isa = PBXFileReference; lastKnownFileType = sourcecode.swift; path = SongSelectionTableViewCellDelegate.swift; sourceTree = "<group>"; };
		BF7EC73826748664004E4849 /* SongSelection_TutorialViewController+SongSelectionTableViewCellDelegate.swift */ = {isa = PBXFileReference; lastKnownFileType = sourcecode.swift; path = "SongSelection_TutorialViewController+SongSelectionTableViewCellDelegate.swift"; sourceTree = "<group>"; };
/* End PBXFileReference section */

/* Begin PBXFrameworksBuildPhase section */
		5FFD955C2671FADA005207C3 /* Frameworks */ = {
			isa = PBXFrameworksBuildPhase;
			buildActionMask = 2147483647;
			files = (
			);
			runOnlyForDeploymentPostprocessing = 0;
		};
/* End PBXFrameworksBuildPhase section */

/* Begin PBXGroup section */
		5F0C935C267B44A10010887B /* ChordClassifierAI */ = {
			isa = PBXGroup;
			children = (
				5F0C935D267B44AF0010887B /* Model */,
				5F0C9364267B4AF70010887B /* Controller */,
				5F0C9367267B96D90010887B /* Protocol */,
			);
			path = ChordClassifierAI;
			sourceTree = "<group>";
		};
		5F0C935D267B44AF0010887B /* Model */ = {
			isa = PBXGroup;
			children = (
				5F0C935E267B44BC0010887B /* Base Key C.mlmodel */,
				5F0C935F267B44BC0010887B /* Base Key F.mlmodel */,
				5F0C9360267B44BD0010887B /* Base Key G.mlmodel */,
			);
			path = Model;
			sourceTree = "<group>";
		};
		5F0C9364267B4AF70010887B /* Controller */ = {
			isa = PBXGroup;
			children = (
				5F0C9365267B4B740010887B /* ChordClassifierViewController.swift */,
			);
			path = Controller;
			sourceTree = "<group>";
		};
		5F0C9367267B96D90010887B /* Protocol */ = {
			isa = PBXGroup;
			children = (
				5F0C9368267B96EC0010887B /* ChordClassifierDelegate.swift */,
			);
			path = Protocol;
			sourceTree = "<group>";
		};
		5F6B3AB0267E4C7400EB5E23 /* Model */ = {
			isa = PBXGroup;
			children = (
				0F2E5B692679DE1D000B01F1 /* movingCP.swift */,
			);
			path = Model;
			sourceTree = "<group>";
		};
		5F6B3AB1267E4C7A00EB5E23 /* Controller */ = {
			isa = PBXGroup;
			children = (
				0F2E5B612679DD11000B01F1 /* GameScene.swift */,
				0F2E5B652679DD54000B01F1 /* GameSceneViewController.swift */,
			);
			path = Controller;
			sourceTree = "<group>";
		};
		5F6B3AB2267E4C9C00EB5E23 /* View */ = {
			isa = PBXGroup;
			children = (
				0F2E5BBF267CA8C2000B01F1 /* GameScene.sks */,
				5FB884B4267F6BC800ECB401 /* GameScene.storyboard */,
			);
			path = View;
			sourceTree = "<group>";
		};
		5F7E4098267CF3C600D101EE /* GameScene */ = {
			isa = PBXGroup;
			children = (
				5F6B3AB0267E4C7400EB5E23 /* Model */,
				5F6B3AB2267E4C9C00EB5E23 /* View */,
				5F6B3AB1267E4C7A00EB5E23 /* Controller */,
			);
			path = GameScene;
			sourceTree = "<group>";
		};
		5FAA472C267F470F00AA8994 /* AVFoundation */ = {
			isa = PBXGroup;
			children = (
				5FAA4731267F490100AA8994 /* Audio Assets */,
				5FAA4732267F491600AA8994 /* Controller */,
			);
			path = AVFoundation;
			sourceTree = "<group>";
		};
		5FAA4731267F490100AA8994 /* Audio Assets */ = {
			isa = PBXGroup;
			children = (
				5FAA4733267F492700AA8994 /* Imagine Dragons - Demons Audio.mp3 */,
			);
			path = "Audio Assets";
			sourceTree = "<group>";
		};
		5FAA4732267F491600AA8994 /* Controller */ = {
			isa = PBXGroup;
			children = (
				5FAA472F267F48C200AA8994 /* AudioPlayerController.swift */,
			);
			path = Controller;
			sourceTree = "<group>";
		};
		5FB884B8267F6FA700ECB401 /* Fonts */ = {
			isa = PBXGroup;
			children = (
			);
			path = Fonts;
			sourceTree = "<group>";
		};
		5FB884B9267F6FB000ECB401 /* UI */ = {
			isa = PBXGroup;
			children = (
				5FB884BB267F6FC900ECB401 /* ChooseBaseKeyPopup.storyboard */,
				5FB884BA267F6FC900ECB401 /* ChooseBaseKeyPopupViewController.swift */,
			);
			path = UI;
			sourceTree = "<group>";
		};
		5FFD95562671FADA005207C3 = {
			isa = PBXGroup;
			children = (
				5FFD95612671FADA005207C3 /* chordfit */,
			);
			sourceTree = "<group>";
		};
		5FFD95602671FADA005207C3 /* Products */ = {
			isa = PBXGroup;
			children = (
				5FFD955F2671FADA005207C3 /* chordfit.app */,
			);
			name = Products;
			path = ..;
			sourceTree = "<group>";
		};
		5FFD95612671FADA005207C3 /* chordfit */ = {
			isa = PBXGroup;
			children = (
				BF7EC706267380CC004E4849 /* Utilities */,
				BF7EC705267380C3004E4849 /* Helper */,
				BF7EC704267380C0004E4849 /* Themes */,
				BF7EC70226738064004E4849 /* Feature */,
				5FFD95622671FADA005207C3 /* AppDelegate.swift */,
				5FFD95642671FADA005207C3 /* SceneDelegate.swift */,
				5FFD956E2671FADB005207C3 /* Assets.xcassets */,
				5FB884B6267F6C4C00ECB401 /* ViewController.swift */,
				5F6B3B5F267E51E500EB5E23 /* Main.storyboard */,
				5FFD95702671FADB005207C3 /* LaunchScreen.storyboard */,
				5FFD95732671FADB005207C3 /* Info.plist */,
				5FFD956B2671FADA005207C3 /* chordfit.xcdatamodeld */,
				5FFD95602671FADA005207C3 /* Products */,
			);
			path = chordfit;
			sourceTree = "<group>";
		};
		BF7EC70226738064004E4849 /* Feature */ = {
			isa = PBXGroup;
			children = (
				BF7EC70326738096004E4849 /* SongSelection */,
				5F7E4098267CF3C600D101EE /* GameScene */,
			);
			path = Feature;
			sourceTree = "<group>";
		};
		BF7EC70326738096004E4849 /* SongSelection */ = {
			isa = PBXGroup;
			children = (
				BF7EC71D26745995004E4849 /* Pages */,
				BF7EC70F26738815004E4849 /* Model */,
				BF7EC71426738E79004E4849 /* SongRepository.swift */,
			);
			path = SongSelection;
			sourceTree = "<group>";
		};
		BF7EC704267380C0004E4849 /* Themes */ = {
			isa = PBXGroup;
			children = (
				BF7EC70926738110004E4849 /* Colors */,
				5FB884B8267F6FA700ECB401 /* Fonts */,
				5FB884B9267F6FB000ECB401 /* UI */,
			);
			path = Themes;
			sourceTree = "<group>";
		};
		BF7EC705267380C3004E4849 /* Helper */ = {
			isa = PBXGroup;
			children = (
				BF7EC72326745D0A004E4849 /* UINib+Loader.swift */,
			);
			path = Helper;
			sourceTree = "<group>";
		};
		BF7EC706267380CC004E4849 /* Utilities */ = {
			isa = PBXGroup;
			children = (
				5FAA472C267F470F00AA8994 /* AVFoundation */,
				5F0C935C267B44A10010887B /* ChordClassifierAI */,
				BF7EC70A26738131004E4849 /* CoreData */,
			);
			path = Utilities;
			sourceTree = "<group>";
		};
		BF7EC70926738110004E4849 /* Colors */ = {
			isa = PBXGroup;
			children = (
				BF7EC71626739487004E4849 /* ChordFitColors.swift */,
			);
			path = Colors;
			sourceTree = "<group>";
		};
		BF7EC70A26738131004E4849 /* CoreData */ = {
			isa = PBXGroup;
			children = (
				BF7EC70E267387A7004E4849 /* Model */,
			);
			path = CoreData;
			sourceTree = "<group>";
		};
		BF7EC70E267387A7004E4849 /* Model */ = {
			isa = PBXGroup;
			children = (
				BF7EC70C267383D6004E4849 /* Song.swift */,
			);
			path = Model;
			sourceTree = "<group>";
		};
		BF7EC70F26738815004E4849 /* Model */ = {
			isa = PBXGroup;
			children = (
				BF7EC7102673881D004E4849 /* DataStore */,
			);
			path = Model;
			sourceTree = "<group>";
		};
		BF7EC7102673881D004E4849 /* DataStore */ = {
			isa = PBXGroup;
			children = (
				BF7EC711267388C5004E4849 /* SongStaticDataStore.swift */,
			);
			path = DataStore;
			sourceTree = "<group>";
		};
		BF7EC718267396DE004E4849 /* SongSelectionCell */ = {
			isa = PBXGroup;
			children = (
				BF7EC719267396FE004E4849 /* SongSelectionTableViewCell.swift */,
				BF7EC71A267396FE004E4849 /* SongSelectionTableViewCell.xib */,
				BF7EC7362674840B004E4849 /* SongSelectionTableViewCellDelegate.swift */,
			);
			path = SongSelectionCell;
			sourceTree = "<group>";
		};
		BF7EC71D26745995004E4849 /* Pages */ = {
			isa = PBXGroup;
			children = (
				BF7EC71E2674599E004E4849 /* SongSelectionPage */,
			);
			path = Pages;
			sourceTree = "<group>";
		};
		BF7EC71E2674599E004E4849 /* SongSelectionPage */ = {
			isa = PBXGroup;
			children = (
				BF7EC720267459B7004E4849 /* View */,
				BF7EC71F267459B0004E4849 /* Controller */,
			);
			path = SongSelectionPage;
			sourceTree = "<group>";
		};
		BF7EC71F267459B0004E4849 /* Controller */ = {
			isa = PBXGroup;
			children = (
				BF7EC72E26746A90004E4849 /* SongSelection+TutorialViewController.swift */,
				BF7EC73226746E31004E4849 /* SongSelection_TutorialViewController+SongSelectionTableViewDataSource+SongSelectionTableViewDelegate.swift */,
				BF7EC73826748664004E4849 /* SongSelection_TutorialViewController+SongSelectionTableViewCellDelegate.swift */,
			);
			path = Controller;
			sourceTree = "<group>";
		};
		BF7EC720267459B7004E4849 /* View */ = {
			isa = PBXGroup;
			children = (
				BF7EC72A26746577004E4849 /* SongSelection+TutorialView.swift */,
				BF7EC73026746CF4004E4849 /* SongSelection+Tutorial.storyboard */,
				BF7EC7252674623B004E4849 /* SongSelectionTableView */,
			);
			path = View;
			sourceTree = "<group>";
		};
		BF7EC7252674623B004E4849 /* SongSelectionTableView */ = {
			isa = PBXGroup;
			children = (
				BF7EC718267396DE004E4849 /* SongSelectionCell */,
			);
			path = SongSelectionTableView;
			sourceTree = "<group>";
		};
/* End PBXGroup section */

/* Begin PBXNativeTarget section */
		5FFD955E2671FADA005207C3 /* chordfit */ = {
			isa = PBXNativeTarget;
			buildConfigurationList = 5FFD95762671FADB005207C3 /* Build configuration list for PBXNativeTarget "chordfit" */;
			buildPhases = (
				5FFD955B2671FADA005207C3 /* Sources */,
				5FFD955C2671FADA005207C3 /* Frameworks */,
				5FFD955D2671FADA005207C3 /* Resources */,
			);
			buildRules = (
			);
			dependencies = (
			);
			name = chordfit;
			productName = chordfit;
			productReference = 5FFD955F2671FADA005207C3 /* chordfit.app */;
			productType = "com.apple.product-type.application";
		};
/* End PBXNativeTarget section */

/* Begin PBXProject section */
		5FFD95572671FADA005207C3 /* Project object */ = {
			isa = PBXProject;
			attributes = {
				LastSwiftUpdateCheck = 1250;
				LastUpgradeCheck = 1250;
				TargetAttributes = {
					5FFD955E2671FADA005207C3 = {
						CreatedOnToolsVersion = 12.5;
					};
				};
			};
			buildConfigurationList = 5FFD955A2671FADA005207C3 /* Build configuration list for PBXProject "chordfit" */;
			compatibilityVersion = "Xcode 9.3";
			developmentRegion = en;
			hasScannedForEncodings = 0;
			knownRegions = (
				en,
				Base,
			);
			mainGroup = 5FFD95562671FADA005207C3;
			productRefGroup = 5FFD95602671FADA005207C3 /* Products */;
			projectDirPath = "";
			projectRoot = "";
			targets = (
				5FFD955E2671FADA005207C3 /* chordfit */,
			);
		};
/* End PBXProject section */

/* Begin PBXResourcesBuildPhase section */
		5FFD955D2671FADA005207C3 /* Resources */ = {
			isa = PBXResourcesBuildPhase;
			buildActionMask = 2147483647;
			files = (
				0F2E5BC0267CA8C2000B01F1 /* GameScene.sks in Resources */,
				5FB884BD267F6FC900ECB401 /* ChooseBaseKeyPopup.storyboard in Resources */,
				5FFD95722671FADB005207C3 /* LaunchScreen.storyboard in Resources */,
				5FAA4734267F492700AA8994 /* Imagine Dragons - Demons Audio.mp3 in Resources */,
				5FB884B5267F6BC800ECB401 /* GameScene.storyboard in Resources */,
				BF7EC73126746CF4004E4849 /* SongSelection+Tutorial.storyboard in Resources */,
				5F6B3B60267E51E500EB5E23 /* Main.storyboard in Resources */,
				5FFD956F2671FADB005207C3 /* Assets.xcassets in Resources */,
				BF7EC71C267396FE004E4849 /* SongSelectionTableViewCell.xib in Resources */,
			);
			runOnlyForDeploymentPostprocessing = 0;
		};
/* End PBXResourcesBuildPhase section */

/* Begin PBXSourcesBuildPhase section */
		5FFD955B2671FADA005207C3 /* Sources */ = {
			isa = PBXSourcesBuildPhase;
			buildActionMask = 2147483647;
			files = (
				0F2E5B622679DD11000B01F1 /* GameScene.swift in Sources */,
				0F2E5B662679DD54000B01F1 /* GameSceneViewController.swift in Sources */,
				0F2E5B6A2679DE1D000B01F1 /* movingCP.swift in Sources */,
				5FFD956D2671FADA005207C3 /* chordfit.xcdatamodeld in Sources */,
				BF7EC72B26746577004E4849 /* SongSelection+TutorialView.swift in Sources */,
				5F0C9366267B4B740010887B /* ChordClassifierViewController.swift in Sources */,
				5FB884B7267F6C4C00ECB401 /* ViewController.swift in Sources */,
				BF7EC712267388C5004E4849 /* SongStaticDataStore.swift in Sources */,
				BF7EC72426745D0A004E4849 /* UINib+Loader.swift in Sources */,
				5F0C9362267B44BD0010887B /* Base Key F.mlmodel in Sources */,
				BF7EC73326746E31004E4849 /* SongSelection_TutorialViewController+SongSelectionTableViewDataSource+SongSelectionTableViewDelegate.swift in Sources */,
				5FB884BC267F6FC900ECB401 /* ChooseBaseKeyPopupViewController.swift in Sources */,
				BF7EC73926748664004E4849 /* SongSelection_TutorialViewController+SongSelectionTableViewCellDelegate.swift in Sources */,
				BF7EC7372674840B004E4849 /* SongSelectionTableViewCellDelegate.swift in Sources */,
				BF7EC71B267396FE004E4849 /* SongSelectionTableViewCell.swift in Sources */,
				5F0C9361267B44BD0010887B /* Base Key C.mlmodel in Sources */,
				5FFD95632671FADA005207C3 /* AppDelegate.swift in Sources */,
				BF7EC72F26746A90004E4849 /* SongSelection+TutorialViewController.swift in Sources */,
				5FAA4730267F48C200AA8994 /* AudioPlayerController.swift in Sources */,
				5F0C9363267B44BD0010887B /* Base Key G.mlmodel in Sources */,
				BF7EC71726739487004E4849 /* ChordFitColors.swift in Sources */,
				5FFD95652671FADA005207C3 /* SceneDelegate.swift in Sources */,
				BF7EC70D267383D6004E4849 /* Song.swift in Sources */,
				5F0C9369267B96EC0010887B /* ChordClassifierDelegate.swift in Sources */,
				BF7EC71526738E79004E4849 /* SongRepository.swift in Sources */,
			);
			runOnlyForDeploymentPostprocessing = 0;
		};
/* End PBXSourcesBuildPhase section */

/* Begin PBXVariantGroup section */
		5FFD95702671FADB005207C3 /* LaunchScreen.storyboard */ = {
			isa = PBXVariantGroup;
			children = (
				5FFD95712671FADB005207C3 /* Base */,
			);
			name = LaunchScreen.storyboard;
			sourceTree = "<group>";
		};
/* End PBXVariantGroup section */

/* Begin XCBuildConfiguration section */
		5FFD95742671FADB005207C3 /* Debug */ = {
			isa = XCBuildConfiguration;
			buildSettings = {
				ALWAYS_SEARCH_USER_PATHS = NO;
				CLANG_ANALYZER_NONNULL = YES;
				CLANG_ANALYZER_NUMBER_OBJECT_CONVERSION = YES_AGGRESSIVE;
				CLANG_CXX_LANGUAGE_STANDARD = "gnu++14";
				CLANG_CXX_LIBRARY = "libc++";
				CLANG_ENABLE_MODULES = YES;
				CLANG_ENABLE_OBJC_ARC = YES;
				CLANG_ENABLE_OBJC_WEAK = YES;
				CLANG_WARN_BLOCK_CAPTURE_AUTORELEASING = YES;
				CLANG_WARN_BOOL_CONVERSION = YES;
				CLANG_WARN_COMMA = YES;
				CLANG_WARN_CONSTANT_CONVERSION = YES;
				CLANG_WARN_DEPRECATED_OBJC_IMPLEMENTATIONS = YES;
				CLANG_WARN_DIRECT_OBJC_ISA_USAGE = YES_ERROR;
				CLANG_WARN_DOCUMENTATION_COMMENTS = YES;
				CLANG_WARN_EMPTY_BODY = YES;
				CLANG_WARN_ENUM_CONVERSION = YES;
				CLANG_WARN_INFINITE_RECURSION = YES;
				CLANG_WARN_INT_CONVERSION = YES;
				CLANG_WARN_NON_LITERAL_NULL_CONVERSION = YES;
				CLANG_WARN_OBJC_IMPLICIT_RETAIN_SELF = YES;
				CLANG_WARN_OBJC_LITERAL_CONVERSION = YES;
				CLANG_WARN_OBJC_ROOT_CLASS = YES_ERROR;
				CLANG_WARN_QUOTED_INCLUDE_IN_FRAMEWORK_HEADER = YES;
				CLANG_WARN_RANGE_LOOP_ANALYSIS = YES;
				CLANG_WARN_STRICT_PROTOTYPES = YES;
				CLANG_WARN_SUSPICIOUS_MOVE = YES;
				CLANG_WARN_UNGUARDED_AVAILABILITY = YES_AGGRESSIVE;
				CLANG_WARN_UNREACHABLE_CODE = YES;
				CLANG_WARN__DUPLICATE_METHOD_MATCH = YES;
				COPY_PHASE_STRIP = NO;
				DEBUG_INFORMATION_FORMAT = dwarf;
				ENABLE_STRICT_OBJC_MSGSEND = YES;
				ENABLE_TESTABILITY = YES;
				GCC_C_LANGUAGE_STANDARD = gnu11;
				GCC_DYNAMIC_NO_PIC = NO;
				GCC_NO_COMMON_BLOCKS = YES;
				GCC_OPTIMIZATION_LEVEL = 0;
				GCC_PREPROCESSOR_DEFINITIONS = (
					"DEBUG=1",
					"$(inherited)",
				);
				GCC_WARN_64_TO_32_BIT_CONVERSION = YES;
				GCC_WARN_ABOUT_RETURN_TYPE = YES_ERROR;
				GCC_WARN_UNDECLARED_SELECTOR = YES;
				GCC_WARN_UNINITIALIZED_AUTOS = YES_AGGRESSIVE;
				GCC_WARN_UNUSED_FUNCTION = YES;
				GCC_WARN_UNUSED_VARIABLE = YES;
				IPHONEOS_DEPLOYMENT_TARGET = 14.5;
				MTL_ENABLE_DEBUG_INFO = INCLUDE_SOURCE;
				MTL_FAST_MATH = YES;
				ONLY_ACTIVE_ARCH = YES;
				SDKROOT = iphoneos;
				SWIFT_ACTIVE_COMPILATION_CONDITIONS = DEBUG;
				SWIFT_OPTIMIZATION_LEVEL = "-Onone";
			};
			name = Debug;
		};
		5FFD95752671FADB005207C3 /* Release */ = {
			isa = XCBuildConfiguration;
			buildSettings = {
				ALWAYS_SEARCH_USER_PATHS = NO;
				CLANG_ANALYZER_NONNULL = YES;
				CLANG_ANALYZER_NUMBER_OBJECT_CONVERSION = YES_AGGRESSIVE;
				CLANG_CXX_LANGUAGE_STANDARD = "gnu++14";
				CLANG_CXX_LIBRARY = "libc++";
				CLANG_ENABLE_MODULES = YES;
				CLANG_ENABLE_OBJC_ARC = YES;
				CLANG_ENABLE_OBJC_WEAK = YES;
				CLANG_WARN_BLOCK_CAPTURE_AUTORELEASING = YES;
				CLANG_WARN_BOOL_CONVERSION = YES;
				CLANG_WARN_COMMA = YES;
				CLANG_WARN_CONSTANT_CONVERSION = YES;
				CLANG_WARN_DEPRECATED_OBJC_IMPLEMENTATIONS = YES;
				CLANG_WARN_DIRECT_OBJC_ISA_USAGE = YES_ERROR;
				CLANG_WARN_DOCUMENTATION_COMMENTS = YES;
				CLANG_WARN_EMPTY_BODY = YES;
				CLANG_WARN_ENUM_CONVERSION = YES;
				CLANG_WARN_INFINITE_RECURSION = YES;
				CLANG_WARN_INT_CONVERSION = YES;
				CLANG_WARN_NON_LITERAL_NULL_CONVERSION = YES;
				CLANG_WARN_OBJC_IMPLICIT_RETAIN_SELF = YES;
				CLANG_WARN_OBJC_LITERAL_CONVERSION = YES;
				CLANG_WARN_OBJC_ROOT_CLASS = YES_ERROR;
				CLANG_WARN_QUOTED_INCLUDE_IN_FRAMEWORK_HEADER = YES;
				CLANG_WARN_RANGE_LOOP_ANALYSIS = YES;
				CLANG_WARN_STRICT_PROTOTYPES = YES;
				CLANG_WARN_SUSPICIOUS_MOVE = YES;
				CLANG_WARN_UNGUARDED_AVAILABILITY = YES_AGGRESSIVE;
				CLANG_WARN_UNREACHABLE_CODE = YES;
				CLANG_WARN__DUPLICATE_METHOD_MATCH = YES;
				COPY_PHASE_STRIP = NO;
				DEBUG_INFORMATION_FORMAT = "dwarf-with-dsym";
				ENABLE_NS_ASSERTIONS = NO;
				ENABLE_STRICT_OBJC_MSGSEND = YES;
				GCC_C_LANGUAGE_STANDARD = gnu11;
				GCC_NO_COMMON_BLOCKS = YES;
				GCC_WARN_64_TO_32_BIT_CONVERSION = YES;
				GCC_WARN_ABOUT_RETURN_TYPE = YES_ERROR;
				GCC_WARN_UNDECLARED_SELECTOR = YES;
				GCC_WARN_UNINITIALIZED_AUTOS = YES_AGGRESSIVE;
				GCC_WARN_UNUSED_FUNCTION = YES;
				GCC_WARN_UNUSED_VARIABLE = YES;
				IPHONEOS_DEPLOYMENT_TARGET = 14.5;
				MTL_ENABLE_DEBUG_INFO = NO;
				MTL_FAST_MATH = YES;
				SDKROOT = iphoneos;
				SWIFT_COMPILATION_MODE = wholemodule;
				SWIFT_OPTIMIZATION_LEVEL = "-O";
				VALIDATE_PRODUCT = YES;
			};
			name = Release;
		};
		5FFD95772671FADB005207C3 /* Debug */ = {
			isa = XCBuildConfiguration;
			buildSettings = {
				ASSETCATALOG_COMPILER_APPICON_NAME = AppIcon;
				ASSETCATALOG_COMPILER_GLOBAL_ACCENT_COLOR_NAME = AccentColor;
				CODE_SIGN_STYLE = Automatic;
				DEVELOPMENT_TEAM = GLG9RS7DU4;
				INFOPLIST_FILE = chordfit/Info.plist;
				IPHONEOS_DEPLOYMENT_TARGET = 14.4;
				LD_RUNPATH_SEARCH_PATHS = (
					"$(inherited)",
					"@executable_path/Frameworks",
				);
				PRODUCT_BUNDLE_IDENTIFIER = com.bts.chordfit;
				PRODUCT_NAME = "$(TARGET_NAME)";
				SWIFT_VERSION = 5.0;
				TARGETED_DEVICE_FAMILY = "1,2";
			};
			name = Debug;
		};
		5FFD95782671FADB005207C3 /* Release */ = {
			isa = XCBuildConfiguration;
			buildSettings = {
				ASSETCATALOG_COMPILER_APPICON_NAME = AppIcon;
				ASSETCATALOG_COMPILER_GLOBAL_ACCENT_COLOR_NAME = AccentColor;
				CODE_SIGN_STYLE = Automatic;
				DEVELOPMENT_TEAM = GLG9RS7DU4;
				INFOPLIST_FILE = chordfit/Info.plist;
				IPHONEOS_DEPLOYMENT_TARGET = 14.4;
				LD_RUNPATH_SEARCH_PATHS = (
					"$(inherited)",
					"@executable_path/Frameworks",
				);
				PRODUCT_BUNDLE_IDENTIFIER = com.bts.chordfit;
				PRODUCT_NAME = "$(TARGET_NAME)";
				SWIFT_VERSION = 5.0;
				TARGETED_DEVICE_FAMILY = "1,2";
			};
			name = Release;
		};
/* End XCBuildConfiguration section */

/* Begin XCConfigurationList section */
		5FFD955A2671FADA005207C3 /* Build configuration list for PBXProject "chordfit" */ = {
			isa = XCConfigurationList;
			buildConfigurations = (
				5FFD95742671FADB005207C3 /* Debug */,
				5FFD95752671FADB005207C3 /* Release */,
			);
			defaultConfigurationIsVisible = 0;
			defaultConfigurationName = Release;
		};
		5FFD95762671FADB005207C3 /* Build configuration list for PBXNativeTarget "chordfit" */ = {
			isa = XCConfigurationList;
			buildConfigurations = (
				5FFD95772671FADB005207C3 /* Debug */,
				5FFD95782671FADB005207C3 /* Release */,
			);
			defaultConfigurationIsVisible = 0;
			defaultConfigurationName = Release;
		};
/* End XCConfigurationList section */

/* Begin XCVersionGroup section */
		5FFD956B2671FADA005207C3 /* chordfit.xcdatamodeld */ = {
			isa = XCVersionGroup;
			children = (
				5FFD956C2671FADA005207C3 /* chordfit.xcdatamodel */,
			);
			currentVersion = 5FFD956C2671FADA005207C3 /* chordfit.xcdatamodel */;
			path = chordfit.xcdatamodeld;
			sourceTree = "<group>";
			versionGroupType = wrapper.xcdatamodel;
		};
/* End XCVersionGroup section */
	};
	rootObject = 5FFD95572671FADA005207C3 /* Project object */;
}
